
Microsoft Visual Studio Solution File, Format Version 12.00
# Visual Studio Version 16
VisualStudioVersion = 16.0.30225.117
MinimumVisualStudioVersion = 10.0.40219.1
Project("{FAE04EC0-301F-11D3-BF4B-00C04F79EFBC}") = "Fotosteam", "Fotosteam\Fotosteam.csproj", "{84C82339-8AB3-41FD-90F1-1CB35BC7717B}"
	ProjectSection(ProjectDependencies) = postProject
		{C753B104-79F7-4031-8ECD-B9A50047E8F0} = {C753B104-79F7-4031-8ECD-B9A50047E8F0}
	EndProjectSection
EndProject
Project("{FAE04EC0-301F-11D3-BF4B-00C04F79EFBC}") = "Fotosteam.Service", "Fotosteam.Service\Fotosteam.Service.csproj", "{C753B104-79F7-4031-8ECD-B9A50047E8F0}"
	ProjectSection(ProjectDependencies) = postProject
		{E9580EFC-6014-4D3B-82A8-5F6D57213CE4} = {E9580EFC-6014-4D3B-82A8-5F6D57213CE4}
	EndProjectSection
EndProject
Project("{FAE04EC0-301F-11D3-BF4B-00C04F79EFBC}") = "DropNet", "DropNet-master\DropNet\DropNet.csproj", "{E9580EFC-6014-4D3B-82A8-5F6D57213CE4}"
EndProject
Project("{2150E333-8FDC-42A3-9474-1A3956D46DE8}") = "Tests", "Tests", "{581DBBC3-523B-4F25-A6AD-AD81F1E2560A}"
EndProject
Project("{FAE04EC0-301F-11D3-BF4B-00C04F79EFBC}") = "Fotosteam.Tests.Service", "Fotosteam.Tests.Service\Fotosteam.Tests.Service.csproj", "{FD4A5D07-1835-4F07-B32D-F0F5BB7FD292}"
	ProjectSection(ProjectDependencies) = postProject
		{C753B104-79F7-4031-8ECD-B9A50047E8F0} = {C753B104-79F7-4031-8ECD-B9A50047E8F0}
	EndProjectSection
EndProject
Project("{2150E333-8FDC-42A3-9474-1A3956D46DE8}") = "Infrastructure", "Infrastructure", "{2F3A575F-01E2-4E82-8011-DADCBFACB3CF}"
EndProject
Project("{FAE04EC0-301F-11D3-BF4B-00C04F79EFBC}") = "Fotosteam.Console", "Fotosteam.Console\Fotosteam.Console.csproj", "{79D5C310-3279-4D37-8BD0-13F0DDBDCFA8}"
EndProject
Project("{FAE04EC0-301F-11D3-BF4B-00C04F79EFBC}") = "Fotosteam.Admin", "Fotosteam.Admin\Fotosteam.Admin.csproj", "{581DF838-F62C-4550-AF25-F84F2BF0281B}"
EndProject
Project("{FAE04EC0-301F-11D3-BF4B-00C04F79EFBC}") = "OneDriveSDK", "OneDriveSDK\OneDriveSDK.csproj", "{7CFA73EF-485B-44C1-BE7E-18391750C725}"
EndProject
Global
	GlobalSection(SolutionConfigurationPlatforms) = preSolution
		Debug|Any CPU = Debug|Any CPU
		Release|Any CPU = Release|Any CPU
	EndGlobalSection
	GlobalSection(ProjectConfigurationPlatforms) = postSolution
		{84C82339-8AB3-41FD-90F1-1CB35BC7717B}.Debug|Any CPU.ActiveCfg = Debug|Any CPU
		{84C82339-8AB3-41FD-90F1-1CB35BC7717B}.Debug|Any CPU.Build.0 = Debug|Any CPU
		{84C82339-8AB3-41FD-90F1-1CB35BC7717B}.Release|Any CPU.ActiveCfg = Release|Any CPU
		{84C82339-8AB3-41FD-90F1-1CB35BC7717B}.Release|Any CPU.Build.0 = Release|Any CPU
		{C753B104-79F7-4031-8ECD-B9A50047E8F0}.Debug|Any CPU.ActiveCfg = Debug|Any CPU
		{C753B104-79F7-4031-8ECD-B9A50047E8F0}.Debug|Any CPU.Build.0 = Debug|Any CPU
		{C753B104-79F7-4031-8ECD-B9A50047E8F0}.Release|Any CPU.ActiveCfg = Release|Any CPU
		{C753B104-79F7-4031-8ECD-B9A50047E8F0}.Release|Any CPU.Build.0 = Release|Any CPU
		{E9580EFC-6014-4D3B-82A8-5F6D57213CE4}.Debug|Any CPU.ActiveCfg = Debug|Any CPU
		{E9580EFC-6014-4D3B-82A8-5F6D57213CE4}.Debug|Any CPU.Build.0 = Debug|Any CPU
		{E9580EFC-6014-4D3B-82A8-5F6D57213CE4}.Release|Any CPU.ActiveCfg = Release|Any CPU
		{E9580EFC-6014-4D3B-82A8-5F6D57213CE4}.Release|Any CPU.Build.0 = Release|Any CPU
		{FD4A5D07-1835-4F07-B32D-F0F5BB7FD292}.Debug|Any CPU.ActiveCfg = Debug|Any CPU
		{FD4A5D07-1835-4F07-B32D-F0F5BB7FD292}.Debug|Any CPU.Build.0 = Debug|Any CPU
		{FD4A5D07-1835-4F07-B32D-F0F5BB7FD292}.Release|Any CPU.ActiveCfg = Release|Any CPU
		{FD4A5D07-1835-4F07-B32D-F0F5BB7FD292}.Release|Any CPU.Build.0 = Release|Any CPU
		{79D5C310-3279-4D37-8BD0-13F0DDBDCFA8}.Debug|Any CPU.ActiveCfg = Debug|Any CPU
		{79D5C310-3279-4D37-8BD0-13F0DDBDCFA8}.Release|Any CPU.ActiveCfg = Release|Any CPU
		{79D5C310-3279-4D37-8BD0-13F0DDBDCFA8}.Release|Any CPU.Build.0 = Release|Any CPU
		{581DF838-F62C-4550-AF25-F84F2BF0281B}.Debug|Any CPU.ActiveCfg = Debug|Any CPU
		{581DF838-F62C-4550-AF25-F84F2BF0281B}.Release|Any CPU.ActiveCfg = Release|Any CPU
		{581DF838-F62C-4550-AF25-F84F2BF0281B}.Release|Any CPU.Build.0 = Release|Any CPU
		{7CFA73EF-485B-44C1-BE7E-18391750C725}.Debug|Any CPU.ActiveCfg = Debug|Any CPU
		{7CFA73EF-485B-44C1-BE7E-18391750C725}.Debug|Any CPU.Build.0 = Debug|Any CPU
		{7CFA73EF-485B-44C1-BE7E-18391750C725}.Release|Any CPU.ActiveCfg = Release|Any CPU
		{7CFA73EF-485B-44C1-BE7E-18391750C725}.Release|Any CPU.Build.0 = Release|Any CPU
	EndGlobalSection
	GlobalSection(SolutionProperties) = preSolution
		HideSolutionNode = FALSE
	EndGlobalSection
	GlobalSection(NestedProjects) = preSolution
		{E9580EFC-6014-4D3B-82A8-5F6D57213CE4} = {2F3A575F-01E2-4E82-8011-DADCBFACB3CF}
		{FD4A5D07-1835-4F07-B32D-F0F5BB7FD292} = {581DBBC3-523B-4F25-A6AD-AD81F1E2560A}
	EndGlobalSection
	GlobalSection(ExtensibilityGlobals) = postSolution
		SolutionGuid = {B7AB3037-CAF5-4B43-A12C-3203329CF187}
	EndGlobalSection
EndGlobal
